<?xml version="1.0" encoding="utf-8"?>
<Project ToolsVersion="4.0" xmlns="http://schemas.microsoft.com/developer/msbuild/2003">
  <ItemGroup>
    <Filter Include="Source Files">
      <UniqueIdentifier>{4FC737F1-C7A5-4376-A066-2A32D752A2FF}</UniqueIdentifier>
      <Extensions>cpp;c;cc;cxx;c++;cppm;ixx;def;odl;idl;hpj;bat;asm;asmx</Extensions>
    </Filter>
    <Filter Include="Header Files">
      <UniqueIdentifier>{93995380-89BD-4b04-88EB-625FBE52EBFB}</UniqueIdentifier>
      <Extensions>h;hh;hpp;hxx;h++;hm;inl;inc;ipp;xsd</Extensions>
    </Filter>
    <Filter Include="Resource Files">
      <UniqueIdentifier>{67DA6AB6-F800-4c08-8B7A-83BB121AAD01}</UniqueIdentifier>
      <Extensions>rc;ico;cur;bmp;dlg;rc2;rct;bin;rgs;gif;jpg;jpeg;jpe;resx;tiff;tif;png;wav;mfcribbon-ms</Extensions>
    </Filter>
    <Filter Include="C++">
      <UniqueIdentifier>{eb383845-b8da-489f-8ab2-5aedba980774}</UniqueIdentifier>
    </Filter>
    <Filter Include="StackSpoofing">
      <UniqueIdentifier>{2dcf23cc-59de-4672-ad57-86a60ef18d24}</UniqueIdentifier>
    </Filter>
    <Filter Include="Debug">
      <UniqueIdentifier>{0c157d28-7426-4804-abc4-08e1b6f72199}</UniqueIdentifier>
    </Filter>
    <Filter Include="ExtractPePayloadFromPng">
      <UniqueIdentifier>{c502f088-1401-426d-8af7-1239ccf9e39a}</UniqueIdentifier>
    </Filter>
    <Filter Include="Masm">
      <UniqueIdentifier>{63d6142f-239b-423b-998b-7d7fc78f8d17}</UniqueIdentifier>
    </Filter>
    <Filter Include="SyscallsInvoking">
      <UniqueIdentifier>{9255025e-aa82-47bb-8cef-5f39a1584865}</UniqueIdentifier>
    </Filter>
    <Filter Include="Configs">
      <UniqueIdentifier>{dee075ee-8d83-4dfe-9c6b-bd5edd99f307}</UniqueIdentifier>
    </Filter>
  </ItemGroup>
  <ItemGroup>
    <ClInclude Include="Structures.h">
      <Filter>Header Files</Filter>
    </ClInclude>
    <ClInclude Include="Extract.h">
      <Filter>ExtractPePayloadFromPng</Filter>
    </ClInclude>
    <ClInclude Include="Reed-Solomon.h">
      <Filter>ExtractPePayloadFromPng</Filter>
    </ClInclude>
    <ClInclude Include="TrapSyscallsTampering.h">
      <Filter>SyscallsInvoking</Filter>
    </ClInclude>
    <ClInclude Include="GpuManipulation.h">
      <Filter>C++</Filter>
    </ClInclude>
    <ClInclude Include="Utilities.h">
      <Filter>Header Files</Filter>
    </ClInclude>
    <ClInclude Include="UnpackAndHide.h">
      <Filter>Header Files</Filter>
    </ClInclude>
    <ClInclude Include="Hashes.h">
      <Filter>Header Files</Filter>
    </ClInclude>
    <ClInclude Include="StackSpoofing.h">
      <Filter>StackSpoofing</Filter>
    </ClInclude>
    <ClInclude Include="DebugMacros.h">
      <Filter>Debug</Filter>
    </ClInclude>
    <ClInclude Include="Resource.h">
      <Filter>Resource Files</Filter>
    </ClInclude>
    <ClInclude Include="DllsQueue.h">
      <Filter>Header Files</Filter>
    </ClInclude>
    <ClInclude Include="Configuration.h">
      <Filter>Configs</Filter>
    </ClInclude>
  </ItemGroup>
  <ItemGroup>
    <ClCompile Include="Main.c">
      <Filter>Source Files</Filter>
    </ClCompile>
    <ClCompile Include="Extract.c">
      <Filter>ExtractPePayloadFromPng</Filter>
    </ClCompile>
    <ClCompile Include="Reed-Solomon.c">
      <Filter>ExtractPePayloadFromPng</Filter>
    </ClCompile>
    <ClCompile Include="GpuManipulation.cpp">
      <Filter>C++</Filter>
    </ClCompile>
    <ClCompile Include="TrapSyscallsTampering.c">
      <Filter>SyscallsInvoking</Filter>
    </ClCompile>
    <ClCompile Include="UnpackAndHide.c">
      <Filter>Source Files</Filter>
    </ClCompile>
    <ClCompile Include="StackSpoofing.c">
      <Filter>StackSpoofing</Filter>
    </ClCompile>
    <ClCompile Include="DebugMacros.c">
      <Filter>Debug</Filter>
    </ClCompile>
    <ClCompile Include="AES128CTR-NI.c">
      <Filter>Source Files</Filter>
    </ClCompile>
    <ClCompile Include="DelayLogic.c">
      <Filter>Source Files</Filter>
    </ClCompile>
    <ClCompile Include="ResolveAPIs.c">
      <Filter>Source Files</Filter>
    </ClCompile>
    <ClCompile Include="S1VehOverWrite.c">
      <Filter>Source Files</Filter>
    </ClCompile>
    <ClCompile Include="Utilities.c">
      <Filter>Source Files</Filter>
    </ClCompile>
    <ClCompile Include="UnhookingDlls.c">
      <Filter>Source Files</Filter>
    </ClCompile>
    <ClCompile Include="HellsHall.c">
      <Filter>SyscallsInvoking</Filter>
    </ClCompile>
  </ItemGroup>
  <ItemGroup>
    <MASM Include="Masm.asm">
      <Filter>Masm</Filter>
    </MASM>
    <MASM Include="HellsAsm.asm">
      <Filter>Masm</Filter>
    </MASM>
  </ItemGroup>
  <ItemGroup>
    <ResourceCompile Include="Resource.rc">
      <Filter>Resource Files</Filter>
    </ResourceCompile>
  </ItemGroup>
</Project>